{
  "name": "db-sample",
  "version": "1.0.0",
  "lockfileVersion": 2,
  "requires": true,
  "packages": {
    "": {
      "name": "db-sample",
      "version": "1.0.0",
      "license": "ISC",
      "devDependencies": {
        "apex-source-control": "^1.4.2"
      }
    },
    "node_modules/apex-source-control": {
      "version": "1.4.2",
      "resolved": "https://registry.npmjs.org/apex-source-control/-/apex-source-control-1.4.2.tgz",
      "integrity": "sha512-guyfjtv/Fe3FOwLGK3Di4IxYM0gMdUnDKG4tKTYdeRPr8eIh8dZR58hzEQdvi69ouAkinx/0kCJbqqffhHHaPg==",
      "dev": true,
      "bin": {
        "apex-source-control": "apex-source-control"
      }
    }
  },
  "dependencies": {
    "apex-source-control": {
      "version": "1.4.2",
      "resolved": "https://registry.npmjs.org/apex-source-control/-/apex-source-control-1.4.2.tgz",
      "integrity": "sha512-guyfjtv/Fe3FOwLGK3Di4IxYM0gMdUnDKG4tKTYdeRPr8eIh8dZR58hzEQdvi69ouAkinx/0kCJbqqffhHHaPg==",
      "dev": true
    }
  }
}
